// !$*UTF8*$!
{
	archiveVersion = 1;
	classes = {
	};
	objectVersion = 77;
	objects = {

/* Begin PBXBuildFile section */
		09359FDA6FBD96B5A71AA377 /* BridgeEndpointTests.swift in Sources */ = {isa = PBXBuildFile; fileRef = 49A41FFA7CF088FD6111A5E8 /* BridgeEndpointTests.swift */; };
		0A502B52530B63B219E128D3 /* LocalModelTests.swift in Sources */ = {isa = PBXBuildFile; fileRef = 18D96CC065F6595A9BB51001 /* LocalModelTests.swift */; };
		0E3746F6787409892BBEF8C1 /* AttachmentUploader.swift in Sources */ = {isa = PBXBuildFile; fileRef = 52F4CADB105641D8380683DB /* AttachmentUploader.swift */; };
		0F3A2F75AD3FD65EF09E1FC8 /* JSONValue.swift in Sources */ = {isa = PBXBuildFile; fileRef = 2AD2E8682BF953BDE281867A /* JSONValue.swift */; };
		0FE1876600B726D86B1A5632 /* LynkUITests.swift in Sources */ = {isa = PBXBuildFile; fileRef = 2A37A63DE24881FB82768CB8 /* LynkUITests.swift */; };
		174C3C0161B2C0065E11EA45 /* ChatStore.swift in Sources */ = {isa = PBXBuildFile; fileRef = E5399B2E25497A1BCB2C631F /* ChatStore.swift */; };
		19C55AB71735EB0EE6ACB6CC /* LocalModelRuntime.swift in Sources */ = {isa = PBXBuildFile; fileRef = 1CB4FD1E786C778E7A98D6EC /* LocalModelRuntime.swift */; };
		25764FBE3BCD0C8C588AE43E /* AttachmentStore.swift in Sources */ = {isa = PBXBuildFile; fileRef = 83F6ED23D308B38CDE2CE9BF /* AttachmentStore.swift */; };
		266F35AF015774FFEDF0136A /* LynkApp.swift in Sources */ = {isa = PBXBuildFile; fileRef = C78EDB8B71EB93B5CDD23F10 /* LynkApp.swift */; };
		2CA39E034CEAF0F54C79174F /* RealtimeToolCallAccumulator.swift in Sources */ = {isa = PBXBuildFile; fileRef = 302B17EA35B5CF60DB08E73D /* RealtimeToolCallAccumulator.swift */; };
		3C853B173130467C0270AF8B /* TranscriptionClient.swift in Sources */ = {isa = PBXBuildFile; fileRef = D85D2CD9ACDC21DEEDFE6BAA /* TranscriptionClient.swift */; };
		413ADE8F6B4FB50E2EC7184E /* LynkLlamaRuntime in Frameworks */ = {isa = PBXBuildFile; productRef = 5B5DACED6673573953A6DF29 /* LynkLlamaRuntime */; };
		49FDED8CA75CBC071BF6A240 /* VoiceView.swift in Sources */ = {isa = PBXBuildFile; fileRef = C40EAE28A303061F8E169EB0 /* VoiceView.swift */; };
		4E843526799BA6E2FD5750CC /* AppContainer.swift in Sources */ = {isa = PBXBuildFile; fileRef = B18EAF5FB8D913C5D57BFBFC /* AppContainer.swift */; };
		5480EA0CD4E2F3D5CDBABC7E /* RealtimeVoiceTests.swift in Sources */ = {isa = PBXBuildFile; fileRef = EFE24D02EE500C1C8A2AD668 /* RealtimeVoiceTests.swift */; };
		59BEE0BB4C33DE065B600674 /* AttachmentTests.swift in Sources */ = {isa = PBXBuildFile; fileRef = 731EDB36BEBD1A348A3519E2 /* AttachmentTests.swift */; };
		5AED6D8EA2AFD00AC263C27A /* WebRTC in Frameworks */ = {isa = PBXBuildFile; productRef = 16D980A140D68EC435A2C63F /* WebRTC */; };
		5C26A6DF7BC3B57C9C96C9FA /* BridgeRegistration.swift in Sources */ = {isa = PBXBuildFile; fileRef = F70A0F6402671314E1157127 /* BridgeRegistration.swift */; };
		5D1CDA4C0392F3A301BB705B /* AttachmentModels.swift in Sources */ = {isa = PBXBuildFile; fileRef = 946D6582B28B930EE5C00BCB /* AttachmentModels.swift */; };
		5EB5B2757C4AFAE81E92FA34 /* WebRTCRealtimeTransport.swift in Sources */ = {isa = PBXBuildFile; fileRef = 4149D66B703B99AEA5BE8180 /* WebRTCRealtimeTransport.swift */; };
		6E8B761804D5926AECACEBE9 /* LocalModelStore.swift in Sources */ = {isa = PBXBuildFile; fileRef = F1A5CF26E18DD032190FB454 /* LocalModelStore.swift */; };
		6EE8C02EB459B8E880659C99 /* LocalModelModels.swift in Sources */ = {isa = PBXBuildFile; fileRef = B259E48EC4F60F64E125FA80 /* LocalModelModels.swift */; };
		74E5BB267F0F3004EA068A36 /* ChatView.swift in Sources */ = {isa = PBXBuildFile; fileRef = D75E38AC85E8F1F1F4C12061 /* ChatView.swift */; };
		7AAD383249A0768E5378255E /* RealtimeVoiceTransport.swift in Sources */ = {isa = PBXBuildFile; fileRef = 3E23637C359F28AC997DB298 /* RealtimeVoiceTransport.swift */; };
		7F3C74BEFD4E60D2A8B90AF2 /* SettingsView.swift in Sources */ = {isa = PBXBuildFile; fileRef = BA02C6438CE2B85F069053F8 /* SettingsView.swift */; };
		81C072AD7A3CC9323D1D13F6 /* RootView.swift in Sources */ = {isa = PBXBuildFile; fileRef = ABC8ED8E9C64ACE7E008DC1C /* RootView.swift */; };
		9124E4EA5CD494E3FF1D6C40 /* PcmCapture.swift in Sources */ = {isa = PBXBuildFile; fileRef = 7ECB951089B2EE10B917D329 /* PcmCapture.swift */; };
		91F5A002589CF1CF77DA339E /* LocalModelsView.swift in Sources */ = {isa = PBXBuildFile; fileRef = 41CAF046F2117FFE094DF54B /* LocalModelsView.swift */; };
		96A8E082D1FF2FA2C81CDB4F /* ChatStoreTests.swift in Sources */ = {isa = PBXBuildFile; fileRef = 25518B5415F52EF38D3C3EC5 /* ChatStoreTests.swift */; };
		AB1ED8747A0011901FCAFAC5 /* SettingsStore.swift in Sources */ = {isa = PBXBuildFile; fileRef = 3E061195B979C0FDE4025E49 /* SettingsStore.swift */; };
		B1620919A2A967E744792CAE /* ChatModels.swift in Sources */ = {isa = PBXBuildFile; fileRef = C59BC17A04A11E5EC806E3D7 /* ChatModels.swift */; };
		B68F598069E592AE549FBC61 /* RealtimeVoiceController.swift in Sources */ = {isa = PBXBuildFile; fileRef = 4728134A5FF78C8D2B0416E0 /* RealtimeVoiceController.swift */; };
		BA2C0121F3B97BB04CDBFF05 /* BridgeClient.swift in Sources */ = {isa = PBXBuildFile; fileRef = D073E826D35527CA5EDEB117 /* BridgeClient.swift */; };
		C2D16D756EA8DF6C25ACB348 /* TimelineView.swift in Sources */ = {isa = PBXBuildFile; fileRef = CB1C39E1EA3094760B1BFEEA /* TimelineView.swift */; };
		C9AE412E6B5BB9B47CB0B3FA /* LlamaRuntime.swift in Sources */ = {isa = PBXBuildFile; fileRef = 607BD3AE0E20EA8E7FE073CE /* LlamaRuntime.swift */; };
		CE08E32C4663DD866F45DB86 /* TranscriptionTests.swift in Sources */ = {isa = PBXBuildFile; fileRef = 93B2D721CC32EFF2B37D2CA9 /* TranscriptionTests.swift */; };
		DB2C7F496926D0CACDCBEE42 /* TranscriptionAudio.swift in Sources */ = {isa = PBXBuildFile; fileRef = 78171EE9E54E5476C9DBB5C6 /* TranscriptionAudio.swift */; };
		DE06E7FFB0002E2E039CA9B8 /* LocalInferenceController.swift in Sources */ = {isa = PBXBuildFile; fileRef = 6FE7419E042B2D53C0562ACE /* LocalInferenceController.swift */; };
		DFC821500DA7A51B5E81F1D3 /* KeychainStore.swift in Sources */ = {isa = PBXBuildFile; fileRef = 82FB1A0B0DB416485ADD4586 /* KeychainStore.swift */; };
		E4760B6B15FB715C38A764DB /* ChatPickers.swift in Sources */ = {isa = PBXBuildFile; fileRef = 6602C2ED5D5237135182D331 /* ChatPickers.swift */; };
		F497C7287B968E03C8509907 /* AttachmentImporter.swift in Sources */ = {isa = PBXBuildFile; fileRef = 7FB5EC1CD37E94DB9B1E6362 /* AttachmentImporter.swift */; };
		F49FF1A1957AD34A6375E9A5 /* BridgeEndpoint.swift in Sources */ = {isa = PBXBuildFile; fileRef = FDAC323DB1F7726441A7F697 /* BridgeEndpoint.swift */; };
		F52D737749B304CF6834CB0F /* TranscriptionController.swift in Sources */ = {isa = PBXBuildFile; fileRef = 3484185CDBAC0C88F6C52C77 /* TranscriptionController.swift */; };
		F9162450268D3979457AFBA8 /* RealtimeTranscriptNormalizer.swift in Sources */ = {isa = PBXBuildFile; fileRef = A6323AB09F3CD6A1C80A41BB /* RealtimeTranscriptNormalizer.swift */; };
		F9D82B57FE748F1E0070D28A /* BridgeRegistrationTests.swift in Sources */ = {isa = PBXBuildFile; fileRef = BCB1383DAF6B2C71CA082BBF /* BridgeRegistrationTests.swift */; };
/* End PBXBuildFile section */

/* Begin PBXContainerItemProxy section */
		1EBA181C70DEBF62E1FB8593 /* PBXContainerItemProxy */ = {
			isa = PBXContainerItemProxy;
			containerPortal = BC27ABE352944E316F16F69E /* Project object */;
			proxyType = 1;
			remoteGlobalIDString = 25F32E8FB97401CD46082ABE;
			remoteInfo = Lynk;
		};
		C7DB4A6A58A32417B8578C5B /* PBXContainerItemProxy */ = {
			isa = PBXContainerItemProxy;
			containerPortal = BC27ABE352944E316F16F69E /* Project object */;
			proxyType = 1;
			remoteGlobalIDString = 25F32E8FB97401CD46082ABE;
			remoteInfo = Lynk;
		};
/* End PBXContainerItemProxy section */

/* Begin PBXFileReference section */
		05DAB1BCAFE7CF6742257063 /* Lynk.app */ = {isa = PBXFileReference; includeInIndex = 0; lastKnownFileType = wrapper.application; path = Lynk.app; sourceTree = BUILT_PRODUCTS_DIR; };
		18D96CC065F6595A9BB51001 /* LocalModelTests.swift */ = {isa = PBXFileReference; lastKnownFileType = sourcecode.swift; path = LocalModelTests.swift; sourceTree = "<group>"; };
		1CB4FD1E786C778E7A98D6EC /* LocalModelRuntime.swift */ = {isa = PBXFileReference; lastKnownFileType = sourcecode.swift; path = LocalModelRuntime.swift; sourceTree = "<group>"; };
		2031A097C8BBD3ADF2EF47F0 /* LynkUITests.xctest */ = {isa = PBXFileReference; includeInIndex = 0; lastKnownFileType = wrapper.cfbundle; path = LynkUITests.xctest; sourceTree = BUILT_PRODUCTS_DIR; };
		25518B5415F52EF38D3C3EC5 /* ChatStoreTests.swift */ = {isa = PBXFileReference; lastKnownFileType = sourcecode.swift; path = ChatStoreTests.swift; sourceTree = "<group>"; };
		2A37A63DE24881FB82768CB8 /* LynkUITests.swift */ = {isa = PBXFileReference; lastKnownFileType = sourcecode.swift; path = LynkUITests.swift; sourceTree = "<group>"; };
		2AD2E8682BF953BDE281867A /* JSONValue.swift */ = {isa = PBXFileReference; lastKnownFileType = sourcecode.swift; path = JSONValue.swift; sourceTree = "<group>"; };
		302B17EA35B5CF60DB08E73D /* RealtimeToolCallAccumulator.swift */ = {isa = PBXFileReference; lastKnownFileType = sourcecode.swift; path = RealtimeToolCallAccumulator.swift; sourceTree = "<group>"; };
		3484185CDBAC0C88F6C52C77 /* TranscriptionController.swift */ = {isa = PBXFileReference; lastKnownFileType = sourcecode.swift; path = TranscriptionController.swift; sourceTree = "<group>"; };
		3E061195B979C0FDE4025E49 /* SettingsStore.swift */ = {isa = PBXFileReference; lastKnownFileType = sourcecode.swift; path = SettingsStore.swift; sourceTree = "<group>"; };
		3E23637C359F28AC997DB298 /* RealtimeVoiceTransport.swift */ = {isa = PBXFileReference; lastKnownFileType = sourcecode.swift; path = RealtimeVoiceTransport.swift; sourceTree = "<group>"; };
		4149D66B703B99AEA5BE8180 /* WebRTCRealtimeTransport.swift */ = {isa = PBXFileReference; lastKnownFileType = sourcecode.swift; path = WebRTCRealtimeTransport.swift; sourceTree = "<group>"; };
		41CAF046F2117FFE094DF54B /* LocalModelsView.swift */ = {isa = PBXFileReference; lastKnownFileType = sourcecode.swift; path = LocalModelsView.swift; sourceTree = "<group>"; };
		4728134A5FF78C8D2B0416E0 /* RealtimeVoiceController.swift */ = {isa = PBXFileReference; lastKnownFileType = sourcecode.swift; path = RealtimeVoiceController.swift; sourceTree = "<group>"; };
		49A41FFA7CF088FD6111A5E8 /* BridgeEndpointTests.swift */ = {isa = PBXFileReference; lastKnownFileType = sourcecode.swift; path = BridgeEndpointTests.swift; sourceTree = "<group>"; };
		52F4CADB105641D8380683DB /* AttachmentUploader.swift */ = {isa = PBXFileReference; lastKnownFileType = sourcecode.swift; path = AttachmentUploader.swift; sourceTree = "<group>"; };
		607BD3AE0E20EA8E7FE073CE /* LlamaRuntime.swift */ = {isa = PBXFileReference; lastKnownFileType = sourcecode.swift; path = LlamaRuntime.swift; sourceTree = "<group>"; };
		6602C2ED5D5237135182D331 /* ChatPickers.swift */ = {isa = PBXFileReference; lastKnownFileType = sourcecode.swift; path = ChatPickers.swift; sourceTree = "<group>"; };
		6FE7419E042B2D53C0562ACE /* LocalInferenceController.swift */ = {isa = PBXFileReference; lastKnownFileType = sourcecode.swift; path = LocalInferenceController.swift; sourceTree = "<group>"; };
		731EDB36BEBD1A348A3519E2 /* AttachmentTests.swift */ = {isa = PBXFileReference; lastKnownFileType = sourcecode.swift; path = AttachmentTests.swift; sourceTree = "<group>"; };
		78171EE9E54E5476C9DBB5C6 /* TranscriptionAudio.swift */ = {isa = PBXFileReference; lastKnownFileType = sourcecode.swift; path = TranscriptionAudio.swift; sourceTree = "<group>"; };
		7ECB951089B2EE10B917D329 /* PcmCapture.swift */ = {isa = PBXFileReference; lastKnownFileType = sourcecode.swift; path = PcmCapture.swift; sourceTree = "<group>"; };
		7FB5EC1CD37E94DB9B1E6362 /* AttachmentImporter.swift */ = {isa = PBXFileReference; lastKnownFileType = sourcecode.swift; path = AttachmentImporter.swift; sourceTree = "<group>"; };
		82FB1A0B0DB416485ADD4586 /* KeychainStore.swift */ = {isa = PBXFileReference; lastKnownFileType = sourcecode.swift; path = KeychainStore.swift; sourceTree = "<group>"; };
		83F6ED23D308B38CDE2CE9BF /* AttachmentStore.swift */ = {isa = PBXFileReference; lastKnownFileType = sourcecode.swift; path = AttachmentStore.swift; sourceTree = "<group>"; };
		8656883AF0E059E0B7E30B99 /* LynkTests.xctest */ = {isa = PBXFileReference; includeInIndex = 0; lastKnownFileType = wrapper.cfbundle; path = LynkTests.xctest; sourceTree = BUILT_PRODUCTS_DIR; };
		93B2D721CC32EFF2B37D2CA9 /* TranscriptionTests.swift */ = {isa = PBXFileReference; lastKnownFileType = sourcecode.swift; path = TranscriptionTests.swift; sourceTree = "<group>"; };
		946D6582B28B930EE5C00BCB /* AttachmentModels.swift */ = {isa = PBXFileReference; lastKnownFileType = sourcecode.swift; path = AttachmentModels.swift; sourceTree = "<group>"; };
		A283C841179C3EE36630F875 /* Info.plist */ = {isa = PBXFileReference; lastKnownFileType = text.plist; path = Info.plist; sourceTree = "<group>"; };
		A6323AB09F3CD6A1C80A41BB /* RealtimeTranscriptNormalizer.swift */ = {isa = PBXFileReference; lastKnownFileType = sourcecode.swift; path = RealtimeTranscriptNormalizer.swift; sourceTree = "<group>"; };
		ABC8ED8E9C64ACE7E008DC1C /* RootView.swift */ = {isa = PBXFileReference; lastKnownFileType = sourcecode.swift; path = RootView.swift; sourceTree = "<group>"; };
		B18EAF5FB8D913C5D57BFBFC /* AppContainer.swift */ = {isa = PBXFileReference; lastKnownFileType = sourcecode.swift; path = AppContainer.swift; sourceTree = "<group>"; };
		B259E48EC4F60F64E125FA80 /* LocalModelModels.swift */ = {isa = PBXFileReference; lastKnownFileType = sourcecode.swift; path = LocalModelModels.swift; sourceTree = "<group>"; };
		BA02C6438CE2B85F069053F8 /* SettingsView.swift */ = {isa = PBXFileReference; lastKnownFileType = sourcecode.swift; path = SettingsView.swift; sourceTree = "<group>"; };
		BCB1383DAF6B2C71CA082BBF /* BridgeRegistrationTests.swift */ = {isa = PBXFileReference; lastKnownFileType = sourcecode.swift; path = BridgeRegistrationTests.swift; sourceTree = "<group>"; };
		C40EAE28A303061F8E169EB0 /* VoiceView.swift */ = {isa = PBXFileReference; lastKnownFileType = sourcecode.swift; path = VoiceView.swift; sourceTree = "<group>"; };
		C59BC17A04A11E5EC806E3D7 /* ChatModels.swift */ = {isa = PBXFileReference; lastKnownFileType = sourcecode.swift; path = ChatModels.swift; sourceTree = "<group>"; };
		C78EDB8B71EB93B5CDD23F10 /* LynkApp.swift */ = {isa = PBXFileReference; lastKnownFileType = sourcecode.swift; path = LynkApp.swift; sourceTree = "<group>"; };
		CB1C39E1EA3094760B1BFEEA /* TimelineView.swift */ = {isa = PBXFileReference; lastKnownFileType = sourcecode.swift; path = TimelineView.swift; sourceTree = "<group>"; };
		D073E826D35527CA5EDEB117 /* BridgeClient.swift */ = {isa = PBXFileReference; lastKnownFileType = sourcecode.swift; path = BridgeClient.swift; sourceTree = "<group>"; };
		D75E38AC85E8F1F1F4C12061 /* ChatView.swift */ = {isa = PBXFileReference; lastKnownFileType = sourcecode.swift; path = ChatView.swift; sourceTree = "<group>"; };
		D85D2CD9ACDC21DEEDFE6BAA /* TranscriptionClient.swift */ = {isa = PBXFileReference; lastKnownFileType = sourcecode.swift; path = TranscriptionClient.swift; sourceTree = "<group>"; };
		DD3E5A174C5FBB54AA19C8DD /* LynkLlamaRuntime */ = {isa = PBXFileReference; lastKnownFileType = folder; name = LynkLlamaRuntime; path = Packages/LynkLlamaRuntime; sourceTree = SOURCE_ROOT; };
		E5399B2E25497A1BCB2C631F /* ChatStore.swift */ = {isa = PBXFileReference; lastKnownFileType = sourcecode.swift; path = ChatStore.swift; sourceTree = "<group>"; };
		EFE24D02EE500C1C8A2AD668 /* RealtimeVoiceTests.swift */ = {isa = PBXFileReference; lastKnownFileType = sourcecode.swift; path = RealtimeVoiceTests.swift; sourceTree = "<group>"; };
		F1A5CF26E18DD032190FB454 /* LocalModelStore.swift */ = {isa = PBXFileReference; lastKnownFileType = sourcecode.swift; path = LocalModelStore.swift; sourceTree = "<group>"; };
		F70A0F6402671314E1157127 /* BridgeRegistration.swift */ = {isa = PBXFileReference; lastKnownFileType = sourcecode.swift; path = BridgeRegistration.swift; sourceTree = "<group>"; };
		FDAC323DB1F7726441A7F697 /* BridgeEndpoint.swift */ = {isa = PBXFileReference; lastKnownFileType = sourcecode.swift; path = BridgeEndpoint.swift; sourceTree = "<group>"; };
/* End PBXFileReference section */

/* Begin PBXFrameworksBuildPhase section */
		0EA1F946CFA6AA366B26BC42 /* Frameworks */ = {
			isa = PBXFrameworksBuildPhase;
			buildActionMask = 2147483647;
			files = (
				413ADE8F6B4FB50E2EC7184E /* LynkLlamaRuntime in Frameworks */,
				5AED6D8EA2AFD00AC263C27A /* WebRTC in Frameworks */,
			);
			runOnlyForDeploymentPostprocessing = 0;
		};
/* End PBXFrameworksBuildPhase section */

/* Begin PBXGroup section */
		072135060ACC6C7660F337B8 /* LynkTests */ = {
			isa = PBXGroup;
			children = (
				731EDB36BEBD1A348A3519E2 /* AttachmentTests.swift */,
				49A41FFA7CF088FD6111A5E8 /* BridgeEndpointTests.swift */,
				BCB1383DAF6B2C71CA082BBF /* BridgeRegistrationTests.swift */,
				25518B5415F52EF38D3C3EC5 /* ChatStoreTests.swift */,
				18D96CC065F6595A9BB51001 /* LocalModelTests.swift */,
				EFE24D02EE500C1C8A2AD668 /* RealtimeVoiceTests.swift */,
				93B2D721CC32EFF2B37D2CA9 /* TranscriptionTests.swift */,
			);
			path = LynkTests;
			sourceTree = "<group>";
		};
		0D84AF0308A7DEE71510BD07 /* Lynk */ = {
			isa = PBXGroup;
			children = (
				7A968E271175347562BF54BF /* App */,
				A52FCAD0CB626CE9B40AD69B /* Core */,
				84AEF9FB90F8F270245B108A /* Features */,
				71F5B6C6778011842867A2F2 /* Resources */,
			);
			path = Lynk;
			sourceTree = "<group>";
		};
		2B69F39DD11B387175AAD5EB /* Networking */ = {
			isa = PBXGroup;
			children = (
				D073E826D35527CA5EDEB117 /* BridgeClient.swift */,
				FDAC323DB1F7726441A7F697 /* BridgeEndpoint.swift */,
			);
			path = Networking;
			sourceTree = "<group>";
		};
		2CEB80F4FAF519C75B5F00D2 /* Transcription */ = {
			isa = PBXGroup;
			children = (
				7ECB951089B2EE10B917D329 /* PcmCapture.swift */,
				78171EE9E54E5476C9DBB5C6 /* TranscriptionAudio.swift */,
				D85D2CD9ACDC21DEEDFE6BAA /* TranscriptionClient.swift */,
				3484185CDBAC0C88F6C52C77 /* TranscriptionController.swift */,
			);
			path = Transcription;
			sourceTree = "<group>";
		};
		2F87F17CC8183A164A25EEB3 /* Security */ = {
			isa = PBXGroup;
			children = (
				82FB1A0B0DB416485ADD4586 /* KeychainStore.swift */,
			);
			path = Security;
			sourceTree = "<group>";
		};
		3026983A3B5FFC8EFFA59BB4 /* LynkUITests */ = {
			isa = PBXGroup;
			children = (
				2A37A63DE24881FB82768CB8 /* LynkUITests.swift */,
			);
			path = LynkUITests;
			sourceTree = "<group>";
		};
		383FD26E600A25EFD1EA6D19 /* Packages */ = {
			isa = PBXGroup;
			children = (
				DD3E5A174C5FBB54AA19C8DD /* LynkLlamaRuntime */,
			);
			path = Packages;
			sourceTree = "<group>";
		};
		43F0C5C17B8CAE56470020EC /* Protocol */ = {
			isa = PBXGroup;
			children = (
				F70A0F6402671314E1157127 /* BridgeRegistration.swift */,
				2AD2E8682BF953BDE281867A /* JSONValue.swift */,
			);
			path = Protocol;
			sourceTree = "<group>";
		};
		461DAB1FA34F7615B4D9E714 /* Products */ = {
			isa = PBXGroup;
			children = (
				05DAB1BCAFE7CF6742257063 /* Lynk.app */,
				8656883AF0E059E0B7E30B99 /* LynkTests.xctest */,
				2031A097C8BBD3ADF2EF47F0 /* LynkUITests.xctest */,
			);
			name = Products;
			sourceTree = "<group>";
		};
		4EF1B7B142D31CB4EB3D9093 = {
			isa = PBXGroup;
			children = (
				0D84AF0308A7DEE71510BD07 /* Lynk */,
				072135060ACC6C7660F337B8 /* LynkTests */,
				3026983A3B5FFC8EFFA59BB4 /* LynkUITests */,
				383FD26E600A25EFD1EA6D19 /* Packages */,
				461DAB1FA34F7615B4D9E714 /* Products */,
			);
			sourceTree = "<group>";
		};
		5EA0B1DAB2EF4E35A9833550 /* Persistence */ = {
			isa = PBXGroup;
			children = (
				3E061195B979C0FDE4025E49 /* SettingsStore.swift */,
			);
			path = Persistence;
			sourceTree = "<group>";
		};
		6E7EDE951034E9739EC03989 /* Voice */ = {
			isa = PBXGroup;
			children = (
				302B17EA35B5CF60DB08E73D /* RealtimeToolCallAccumulator.swift */,
				A6323AB09F3CD6A1C80A41BB /* RealtimeTranscriptNormalizer.swift */,
				4728134A5FF78C8D2B0416E0 /* RealtimeVoiceController.swift */,
				3E23637C359F28AC997DB298 /* RealtimeVoiceTransport.swift */,
				C40EAE28A303061F8E169EB0 /* VoiceView.swift */,
				4149D66B703B99AEA5BE8180 /* WebRTCRealtimeTransport.swift */,
			);
			path = Voice;
			sourceTree = "<group>";
		};
		71F5B6C6778011842867A2F2 /* Resources */ = {
			isa = PBXGroup;
			children = (
				A283C841179C3EE36630F875 /* Info.plist */,
			);
			path = Resources;
			sourceTree = "<group>";
		};
		785F7F85E6DA12583E3A32ED /* Settings */ = {
			isa = PBXGroup;
			children = (
				BA02C6438CE2B85F069053F8 /* SettingsView.swift */,
			);
			path = Settings;
			sourceTree = "<group>";
		};
		7A968E271175347562BF54BF /* App */ = {
			isa = PBXGroup;
			children = (
				B18EAF5FB8D913C5D57BFBFC /* AppContainer.swift */,
				C78EDB8B71EB93B5CDD23F10 /* LynkApp.swift */,
				ABC8ED8E9C64ACE7E008DC1C /* RootView.swift */,
			);
			path = App;
			sourceTree = "<group>";
		};
		84AEF9FB90F8F270245B108A /* Features */ = {
			isa = PBXGroup;
			children = (
				93FAF81C346C34AFD4068583 /* Attachments */,
				B94AAF5E03D419431EFDD151 /* Chat */,
				8CECB647BE823E7C2A4A9952 /* LocalModels */,
				785F7F85E6DA12583E3A32ED /* Settings */,
				2CEB80F4FAF519C75B5F00D2 /* Transcription */,
				6E7EDE951034E9739EC03989 /* Voice */,
			);
			path = Features;
			sourceTree = "<group>";
		};
		8CECB647BE823E7C2A4A9952 /* LocalModels */ = {
			isa = PBXGroup;
			children = (
				607BD3AE0E20EA8E7FE073CE /* LlamaRuntime.swift */,
				6FE7419E042B2D53C0562ACE /* LocalInferenceController.swift */,
				B259E48EC4F60F64E125FA80 /* LocalModelModels.swift */,
				1CB4FD1E786C778E7A98D6EC /* LocalModelRuntime.swift */,
				F1A5CF26E18DD032190FB454 /* LocalModelStore.swift */,
				41CAF046F2117FFE094DF54B /* LocalModelsView.swift */,
			);
			path = LocalModels;
			sourceTree = "<group>";
		};
		93FAF81C346C34AFD4068583 /* Attachments */ = {
			isa = PBXGroup;
			children = (
				7FB5EC1CD37E94DB9B1E6362 /* AttachmentImporter.swift */,
				946D6582B28B930EE5C00BCB /* AttachmentModels.swift */,
				83F6ED23D308B38CDE2CE9BF /* AttachmentStore.swift */,
				52F4CADB105641D8380683DB /* AttachmentUploader.swift */,
			);
			path = Attachments;
			sourceTree = "<group>";
		};
		A52FCAD0CB626CE9B40AD69B /* Core */ = {
			isa = PBXGroup;
			children = (
				2B69F39DD11B387175AAD5EB /* Networking */,
				5EA0B1DAB2EF4E35A9833550 /* Persistence */,
				43F0C5C17B8CAE56470020EC /* Protocol */,
				2F87F17CC8183A164A25EEB3 /* Security */,
			);
			path = Core;
			sourceTree = "<group>";
		};
		B94AAF5E03D419431EFDD151 /* Chat */ = {
			isa = PBXGroup;
			children = (
				C59BC17A04A11E5EC806E3D7 /* ChatModels.swift */,
				6602C2ED5D5237135182D331 /* ChatPickers.swift */,
				E5399B2E25497A1BCB2C631F /* ChatStore.swift */,
				D75E38AC85E8F1F1F4C12061 /* ChatView.swift */,
				CB1C39E1EA3094760B1BFEEA /* TimelineView.swift */,
			);
			path = Chat;
			sourceTree = "<group>";
		};
/* End PBXGroup section */

/* Begin PBXNativeTarget section */
		25F32E8FB97401CD46082ABE /* Lynk */ = {
			isa = PBXNativeTarget;
			buildConfigurationList = 27295A2D283E8E1749910D59 /* Build configuration list for PBXNativeTarget "Lynk" */;
			buildPhases = (
				6720BED0B8241E346746D12B /* Sources */,
				0EA1F946CFA6AA366B26BC42 /* Frameworks */,
			);
			buildRules = (
			);
			dependencies = (
			);
			name = Lynk;
			packageProductDependencies = (
				5B5DACED6673573953A6DF29 /* LynkLlamaRuntime */,
				16D980A140D68EC435A2C63F /* WebRTC */,
			);
			productName = Lynk;
			productReference = 05DAB1BCAFE7CF6742257063 /* Lynk.app */;
			productType = "com.apple.product-type.application";
		};
		CD68B9C88816EE5201677977 /* LynkUITests */ = {
			isa = PBXNativeTarget;
			buildConfigurationList = 7B5BA1DFDA1377169219CA0A /* Build configuration list for PBXNativeTarget "LynkUITests" */;
			buildPhases = (
				75A31F27AAA4BA9A16E61CD9 /* Sources */,
			);
			buildRules = (
			);
			dependencies = (
				A958C0F73AAF14DF69ED429E /* PBXTargetDependency */,
			);
			name = LynkUITests;
			packageProductDependencies = (
			);
			productName = LynkUITests;
			productReference = 2031A097C8BBD3ADF2EF47F0 /* LynkUITests.xctest */;
			productType = "com.apple.product-type.bundle.ui-testing";
		};
		E3FDDB6ADC252F444B6F183D /* LynkTests */ = {
			isa = PBXNativeTarget;
			buildConfigurationList = 1D60B486563BDD0F35C12F62 /* Build configuration list for PBXNativeTarget "LynkTests" */;
			buildPhases = (
				822C0DECA224D2F1BBF6DFCE /* Sources */,
			);
			buildRules = (
			);
			dependencies = (
				DC5376475F601C9B6B452D83 /* PBXTargetDependency */,
			);
			name = LynkTests;
			packageProductDependencies = (
			);
			productName = LynkTests;
			productReference = 8656883AF0E059E0B7E30B99 /* LynkTests.xctest */;
			productType = "com.apple.product-type.bundle.unit-test";
		};
/* End PBXNativeTarget section */

/* Begin PBXProject section */
		BC27ABE352944E316F16F69E /* Project object */ = {
			isa = PBXProject;
			attributes = {
				BuildIndependentTargetsInParallel = YES;
				LastUpgradeCheck = 2600;
				TargetAttributes = {
					25F32E8FB97401CD46082ABE = {
						DevelopmentTeam = "";
						ProvisioningStyle = Automatic;
					};
					CD68B9C88816EE5201677977 = {
						TestTargetID = 25F32E8FB97401CD46082ABE;
					};
				};
			};
			buildConfigurationList = 59C605452E6445E087BAD402 /* Build configuration list for PBXProject "Lynk" */;
			developmentRegion = en;
			hasScannedForEncodings = 0;
			knownRegions = (
				Base,
				en,
			);
			mainGroup = 4EF1B7B142D31CB4EB3D9093;
			minimizedProjectReferenceProxies = 1;
			packageReferences = (
				9F2AB111042A50D54317A585 /* XCRemoteSwiftPackageReference "WebRTC" */,
				4888801DFDA4D036049AA92E /* XCLocalSwiftPackageReference "Packages/LynkLlamaRuntime" */,
			);
			preferredProjectObjectVersion = 77;
			productRefGroup = 461DAB1FA34F7615B4D9E714 /* Products */;
			projectDirPath = "";
			projectRoot = "";
			targets = (
				25F32E8FB97401CD46082ABE /* Lynk */,
				E3FDDB6ADC252F444B6F183D /* LynkTests */,
				CD68B9C88816EE5201677977 /* LynkUITests */,
			);
		};
/* End PBXProject section */

/* Begin PBXSourcesBuildPhase section */
		6720BED0B8241E346746D12B /* Sources */ = {
			isa = PBXSourcesBuildPhase;
			buildActionMask = 2147483647;
			files = (
				4E843526799BA6E2FD5750CC /* AppContainer.swift in Sources */,
				F497C7287B968E03C8509907 /* AttachmentImporter.swift in Sources */,
				5D1CDA4C0392F3A301BB705B /* AttachmentModels.swift in Sources */,
				25764FBE3BCD0C8C588AE43E /* AttachmentStore.swift in Sources */,
				0E3746F6787409892BBEF8C1 /* AttachmentUploader.swift in Sources */,
				BA2C0121F3B97BB04CDBFF05 /* BridgeClient.swift in Sources */,
				F49FF1A1957AD34A6375E9A5 /* BridgeEndpoint.swift in Sources */,
				5C26A6DF7BC3B57C9C96C9FA /* BridgeRegistration.swift in Sources */,
				B1620919A2A967E744792CAE /* ChatModels.swift in Sources */,
				E4760B6B15FB715C38A764DB /* ChatPickers.swift in Sources */,
				174C3C0161B2C0065E11EA45 /* ChatStore.swift in Sources */,
				74E5BB267F0F3004EA068A36 /* ChatView.swift in Sources */,
				0F3A2F75AD3FD65EF09E1FC8 /* JSONValue.swift in Sources */,
				DFC821500DA7A51B5E81F1D3 /* KeychainStore.swift in Sources */,
				C9AE412E6B5BB9B47CB0B3FA /* LlamaRuntime.swift in Sources */,
				DE06E7FFB0002E2E039CA9B8 /* LocalInferenceController.swift in Sources */,
				6EE8C02EB459B8E880659C99 /* LocalModelModels.swift in Sources */,
				19C55AB71735EB0EE6ACB6CC /* LocalModelRuntime.swift in Sources */,
				6E8B761804D5926AECACEBE9 /* LocalModelStore.swift in Sources */,
				91F5A002589CF1CF77DA339E /* LocalModelsView.swift in Sources */,
				266F35AF015774FFEDF0136A /* LynkApp.swift in Sources */,
				9124E4EA5CD494E3FF1D6C40 /* PcmCapture.swift in Sources */,
				2CA39E034CEAF0F54C79174F /* RealtimeToolCallAccumulator.swift in Sources */,
				F9162450268D3979457AFBA8 /* RealtimeTranscriptNormalizer.swift in Sources */,
				B68F598069E592AE549FBC61 /* RealtimeVoiceController.swift in Sources */,
				7AAD383249A0768E5378255E /* RealtimeVoiceTransport.swift in Sources */,
				81C072AD7A3CC9323D1D13F6 /* RootView.swift in Sources */,
				AB1ED8747A0011901FCAFAC5 /* SettingsStore.swift in Sources */,
				7F3C74BEFD4E60D2A8B90AF2 /* SettingsView.swift in Sources */,
				C2D16D756EA8DF6C25ACB348 /* TimelineView.swift in Sources */,
				DB2C7F496926D0CACDCBEE42 /* TranscriptionAudio.swift in Sources */,
				3C853B173130467C0270AF8B /* TranscriptionClient.swift in Sources */,
				F52D737749B304CF6834CB0F /* TranscriptionController.swift in Sources */,
				49FDED8CA75CBC071BF6A240 /* VoiceView.swift in Sources */,
				5EB5B2757C4AFAE81E92FA34 /* WebRTCRealtimeTransport.swift in Sources */,
			);
			runOnlyForDeploymentPostprocessing = 0;
		};
		75A31F27AAA4BA9A16E61CD9 /* Sources */ = {
			isa = PBXSourcesBuildPhase;
			buildActionMask = 2147483647;
			files = (
				0FE1876600B726D86B1A5632 /* LynkUITests.swift in Sources */,
			);
			runOnlyForDeploymentPostprocessing = 0;
		};
		822C0DECA224D2F1BBF6DFCE /* Sources */ = {
			isa = PBXSourcesBuildPhase;
			buildActionMask = 2147483647;
			files = (
				59BEE0BB4C33DE065B600674 /* AttachmentTests.swift in Sources */,
				09359FDA6FBD96B5A71AA377 /* BridgeEndpointTests.swift in Sources */,
				F9D82B57FE748F1E0070D28A /* BridgeRegistrationTests.swift in Sources */,
				96A8E082D1FF2FA2C81CDB4F /* ChatStoreTests.swift in Sources */,
				0A502B52530B63B219E128D3 /* LocalModelTests.swift in Sources */,
				5480EA0CD4E2F3D5CDBABC7E /* RealtimeVoiceTests.swift in Sources */,
				CE08E32C4663DD866F45DB86 /* TranscriptionTests.swift in Sources */,
			);
			runOnlyForDeploymentPostprocessing = 0;
		};
/* End PBXSourcesBuildPhase section */

/* Begin PBXTargetDependency section */
		A958C0F73AAF14DF69ED429E /* PBXTargetDependency */ = {
			isa = PBXTargetDependency;
			target = 25F32E8FB97401CD46082ABE /* Lynk */;
			targetProxy = C7DB4A6A58A32417B8578C5B /* PBXContainerItemProxy */;
		};
		DC5376475F601C9B6B452D83 /* PBXTargetDependency */ = {
			isa = PBXTargetDependency;
			target = 25F32E8FB97401CD46082ABE /* Lynk */;
			targetProxy = 1EBA181C70DEBF62E1FB8593 /* PBXContainerItemProxy */;
		};
/* End PBXTargetDependency section */

/* Begin XCBuildConfiguration section */
		4ECB0EAB925D8A3BA9A48B55 /* Release */ = {
			isa = XCBuildConfiguration;
			buildSettings = {
				BUNDLE_LOADER = "$(TEST_HOST)";
				GENERATE_INFOPLIST_FILE = YES;
				LD_RUNPATH_SEARCH_PATHS = (
					"$(inherited)",
					"@executable_path/Frameworks",
					"@loader_path/Frameworks",
				);
				PRODUCT_BUNDLE_IDENTIFIER = app.lynk.uitests;
				SDKROOT = iphoneos;
				TARGETED_DEVICE_FAMILY = "1,2";
				TEST_TARGET_NAME = Lynk;
			};
			name = Release;
		};
		6154CCEE6A98DF99ADCEB994 /* Release */ = {
			isa = XCBuildConfiguration;
			buildSettings = {
				ASSETCATALOG_COMPILER_APPICON_NAME = AppIcon;
				CODE_SIGN_IDENTITY = "iPhone Developer";
				CODE_SIGN_STYLE = Automatic;
				DEVELOPMENT_TEAM = "";
				INFOPLIST_FILE = Lynk/Resources/Info.plist;
				LD_RUNPATH_SEARCH_PATHS = (
					"$(inherited)",
					"@executable_path/Frameworks",
				);
				PRODUCT_BUNDLE_IDENTIFIER = app.lynk;
				PRODUCT_NAME = Lynk;
				SDKROOT = iphoneos;
				TARGETED_DEVICE_FAMILY = "1,2";
			};
			name = Release;
		};
		6681B6AF542341A280B655F8 /* Debug */ = {
			isa = XCBuildConfiguration;
			buildSettings = {
				BUNDLE_LOADER = "$(TEST_HOST)";
				GENERATE_INFOPLIST_FILE = YES;
				LD_RUNPATH_SEARCH_PATHS = (
					"$(inherited)",
					"@executable_path/Frameworks",
					"@loader_path/Frameworks",
				);
				PRODUCT_BUNDLE_IDENTIFIER = app.lynk.uitests;
				SDKROOT = iphoneos;
				TARGETED_DEVICE_FAMILY = "1,2";
				TEST_TARGET_NAME = Lynk;
			};
			name = Debug;
		};
		8F89B664F838C969B4AD285F /* Debug */ = {
			isa = XCBuildConfiguration;
			buildSettings = {
				BUNDLE_LOADER = "$(TEST_HOST)";
				GENERATE_INFOPLIST_FILE = YES;
				LD_RUNPATH_SEARCH_PATHS = (
					"$(inherited)",
					"@executable_path/Frameworks",
					"@loader_path/Frameworks",
				);
				PRODUCT_BUNDLE_IDENTIFIER = app.lynk.tests;
				SDKROOT = iphoneos;
				TARGETED_DEVICE_FAMILY = "1,2";
				TEST_HOST = "$(BUILT_PRODUCTS_DIR)/Lynk.app/Lynk";
			};
			name = Debug;
		};
		910368436B3EE977F865F406 /* Release */ = {
			isa = XCBuildConfiguration;
			buildSettings = {
				ALWAYS_SEARCH_USER_PATHS = NO;
				ASSETCATALOG_COMPILER_GENERATE_SWIFT_ASSET_SYMBOL_EXTENSIONS = YES;
				CLANG_ANALYZER_NONNULL = YES;
				CLANG_ANALYZER_NUMBER_OBJECT_CONVERSION = YES_AGGRESSIVE;
				CLANG_CXX_LANGUAGE_STANDARD = "gnu++14";
				CLANG_CXX_LIBRARY = "libc++";
				CLANG_ENABLE_MODULES = YES;
				CLANG_ENABLE_OBJC_ARC = YES;
				CLANG_ENABLE_OBJC_WEAK = YES;
				CLANG_WARN_BLOCK_CAPTURE_AUTORELEASING = YES;
				CLANG_WARN_BOOL_CONVERSION = YES;
				CLANG_WARN_COMMA = YES;
				CLANG_WARN_CONSTANT_CONVERSION = YES;
				CLANG_WARN_DEPRECATED_OBJC_IMPLEMENTATIONS = YES;
				CLANG_WARN_DIRECT_OBJC_ISA_USAGE = YES_ERROR;
				CLANG_WARN_DOCUMENTATION_COMMENTS = YES;
				CLANG_WARN_EMPTY_BODY = YES;
				CLANG_WARN_ENUM_CONVERSION = YES;
				CLANG_WARN_INFINITE_RECURSION = YES;
				CLANG_WARN_INT_CONVERSION = YES;
				CLANG_WARN_NON_LITERAL_NULL_CONVERSION = YES;
				CLANG_WARN_OBJC_IMPLICIT_RETAIN_SELF = YES;
				CLANG_WARN_OBJC_LITERAL_CONVERSION = YES;
				CLANG_WARN_OBJC_ROOT_CLASS = YES_ERROR;
				CLANG_WARN_QUOTED_INCLUDE_IN_FRAMEWORK_HEADER = YES;
				CLANG_WARN_RANGE_LOOP_ANALYSIS = YES;
				CLANG_WARN_STRICT_PROTOTYPES = YES;
				CLANG_WARN_SUSPICIOUS_MOVE = YES;
				CLANG_WARN_UNGUARDED_AVAILABILITY = YES_AGGRESSIVE;
				CLANG_WARN_UNREACHABLE_CODE = YES;
				CLANG_WARN__DUPLICATE_METHOD_MATCH = YES;
				COPY_PHASE_STRIP = NO;
				DEBUG_INFORMATION_FORMAT = "dwarf-with-dsym";
				ENABLE_NS_ASSERTIONS = NO;
				ENABLE_STRICT_OBJC_MSGSEND = YES;
				GCC_C_LANGUAGE_STANDARD = gnu11;
				GCC_NO_COMMON_BLOCKS = YES;
				GCC_WARN_64_TO_32_BIT_CONVERSION = YES;
				GCC_WARN_ABOUT_RETURN_TYPE = YES_ERROR;
				GCC_WARN_UNDECLARED_SELECTOR = YES;
				GCC_WARN_UNINITIALIZED_AUTOS = YES_AGGRESSIVE;
				GCC_WARN_UNUSED_FUNCTION = YES;
				GCC_WARN_UNUSED_VARIABLE = YES;
				IPHONEOS_DEPLOYMENT_TARGET = 17.0;
				MTL_ENABLE_DEBUG_INFO = NO;
				MTL_FAST_MATH = YES;
				PRODUCT_NAME = "$(TARGET_NAME)";
				SDKROOT = iphoneos;
				SWIFT_COMPILATION_MODE = wholemodule;
				SWIFT_OPTIMIZATION_LEVEL = "-O";
				SWIFT_STRICT_CONCURRENCY = targeted;
				SWIFT_VERSION = 5.0;
				TARGETED_DEVICE_FAMILY = 1;
			};
			name = Release;
		};
		91B1F84F34B4E15CC07ABCD3 /* Release */ = {
			isa = XCBuildConfiguration;
			buildSettings = {
				BUNDLE_LOADER = "$(TEST_HOST)";
				GENERATE_INFOPLIST_FILE = YES;
				LD_RUNPATH_SEARCH_PATHS = (
					"$(inherited)",
					"@executable_path/Frameworks",
					"@loader_path/Frameworks",
				);
				PRODUCT_BUNDLE_IDENTIFIER = app.lynk.tests;
				SDKROOT = iphoneos;
				TARGETED_DEVICE_FAMILY = "1,2";
				TEST_HOST = "$(BUILT_PRODUCTS_DIR)/Lynk.app/Lynk";
			};
			name = Release;
		};
		C2686313C667CDA4C175EA54 /* Debug */ = {
			isa = XCBuildConfiguration;
			buildSettings = {
				ASSETCATALOG_COMPILER_APPICON_NAME = AppIcon;
				CODE_SIGN_IDENTITY = "iPhone Developer";
				CODE_SIGN_STYLE = Automatic;
				DEVELOPMENT_TEAM = "";
				INFOPLIST_FILE = Lynk/Resources/Info.plist;
				LD_RUNPATH_SEARCH_PATHS = (
					"$(inherited)",
					"@executable_path/Frameworks",
				);
				PRODUCT_BUNDLE_IDENTIFIER = app.lynk;
				PRODUCT_NAME = Lynk;
				SDKROOT = iphoneos;
				TARGETED_DEVICE_FAMILY = "1,2";
			};
			name = Debug;
		};
		CADB84DB927A441FA7E63D7B /* Debug */ = {
			isa = XCBuildConfiguration;
			buildSettings = {
				ALWAYS_SEARCH_USER_PATHS = NO;
				ASSETCATALOG_COMPILER_GENERATE_SWIFT_ASSET_SYMBOL_EXTENSIONS = YES;
				CLANG_ANALYZER_NONNULL = YES;
				CLANG_ANALYZER_NUMBER_OBJECT_CONVERSION = YES_AGGRESSIVE;
				CLANG_CXX_LANGUAGE_STANDARD = "gnu++14";
				CLANG_CXX_LIBRARY = "libc++";
				CLANG_ENABLE_MODULES = YES;
				CLANG_ENABLE_OBJC_ARC = YES;
				CLANG_ENABLE_OBJC_WEAK = YES;
				CLANG_WARN_BLOCK_CAPTURE_AUTORELEASING = YES;
				CLANG_WARN_BOOL_CONVERSION = YES;
				CLANG_WARN_COMMA = YES;
				CLANG_WARN_CONSTANT_CONVERSION = YES;
				CLANG_WARN_DEPRECATED_OBJC_IMPLEMENTATIONS = YES;
				CLANG_WARN_DIRECT_OBJC_ISA_USAGE = YES_ERROR;
				CLANG_WARN_DOCUMENTATION_COMMENTS = YES;
				CLANG_WARN_EMPTY_BODY = YES;
				CLANG_WARN_ENUM_CONVERSION = YES;
				CLANG_WARN_INFINITE_RECURSION = YES;
				CLANG_WARN_INT_CONVERSION = YES;
				CLANG_WARN_NON_LITERAL_NULL_CONVERSION = YES;
				CLANG_WARN_OBJC_IMPLICIT_RETAIN_SELF = YES;
				CLANG_WARN_OBJC_LITERAL_CONVERSION = YES;
				CLANG_WARN_OBJC_ROOT_CLASS = YES_ERROR;
				CLANG_WARN_QUOTED_INCLUDE_IN_FRAMEWORK_HEADER = YES;
				CLANG_WARN_RANGE_LOOP_ANALYSIS = YES;
				CLANG_WARN_STRICT_PROTOTYPES = YES;
				CLANG_WARN_SUSPICIOUS_MOVE = YES;
				CLANG_WARN_UNGUARDED_AVAILABILITY = YES_AGGRESSIVE;
				CLANG_WARN_UNREACHABLE_CODE = YES;
				CLANG_WARN__DUPLICATE_METHOD_MATCH = YES;
				COPY_PHASE_STRIP = NO;
				DEBUG_INFORMATION_FORMAT = dwarf;
				ENABLE_STRICT_OBJC_MSGSEND = YES;
				ENABLE_TESTABILITY = YES;
				GCC_C_LANGUAGE_STANDARD = gnu11;
				GCC_DYNAMIC_NO_PIC = NO;
				GCC_NO_COMMON_BLOCKS = YES;
				GCC_OPTIMIZATION_LEVEL = 0;
				GCC_PREPROCESSOR_DEFINITIONS = (
					"$(inherited)",
					"DEBUG=1",
				);
				GCC_WARN_64_TO_32_BIT_CONVERSION = YES;
				GCC_WARN_ABOUT_RETURN_TYPE = YES_ERROR;
				GCC_WARN_UNDECLARED_SELECTOR = YES;
				GCC_WARN_UNINITIALIZED_AUTOS = YES_AGGRESSIVE;
				GCC_WARN_UNUSED_FUNCTION = YES;
				GCC_WARN_UNUSED_VARIABLE = YES;
				IPHONEOS_DEPLOYMENT_TARGET = 17.0;
				MTL_ENABLE_DEBUG_INFO = INCLUDE_SOURCE;
				MTL_FAST_MATH = YES;
				ONLY_ACTIVE_ARCH = YES;
				PRODUCT_NAME = "$(TARGET_NAME)";
				SDKROOT = iphoneos;
				SWIFT_ACTIVE_COMPILATION_CONDITIONS = DEBUG;
				SWIFT_OPTIMIZATION_LEVEL = "-Onone";
				SWIFT_STRICT_CONCURRENCY = targeted;
				SWIFT_VERSION = 5.0;
				TARGETED_DEVICE_FAMILY = 1;
			};
			name = Debug;
		};
/* End XCBuildConfiguration section */

/* Begin XCConfigurationList section */
		1D60B486563BDD0F35C12F62 /* Build configuration list for PBXNativeTarget "LynkTests" */ = {
			isa = XCConfigurationList;
			buildConfigurations = (
				8F89B664F838C969B4AD285F /* Debug */,
				91B1F84F34B4E15CC07ABCD3 /* Release */,
			);
			defaultConfigurationIsVisible = 0;
			defaultConfigurationName = Debug;
		};
		27295A2D283E8E1749910D59 /* Build configuration list for PBXNativeTarget "Lynk" */ = {
			isa = XCConfigurationList;
			buildConfigurations = (
				C2686313C667CDA4C175EA54 /* Debug */,
				6154CCEE6A98DF99ADCEB994 /* Release */,
			);
			defaultConfigurationIsVisible = 0;
			defaultConfigurationName = Debug;
		};
		59C605452E6445E087BAD402 /* Build configuration list for PBXProject "Lynk" */ = {
			isa = XCConfigurationList;
			buildConfigurations = (
				CADB84DB927A441FA7E63D7B /* Debug */,
				910368436B3EE977F865F406 /* Release */,
			);
			defaultConfigurationIsVisible = 0;
			defaultConfigurationName = Debug;
		};
		7B5BA1DFDA1377169219CA0A /* Build configuration list for PBXNativeTarget "LynkUITests" */ = {
			isa = XCConfigurationList;
			buildConfigurations = (
				6681B6AF542341A280B655F8 /* Debug */,
				4ECB0EAB925D8A3BA9A48B55 /* Release */,
			);
			defaultConfigurationIsVisible = 0;
			defaultConfigurationName = Debug;
		};
/* End XCConfigurationList section */

/* Begin XCLocalSwiftPackageReference section */
		4888801DFDA4D036049AA92E /* XCLocalSwiftPackageReference "Packages/LynkLlamaRuntime" */ = {
			isa = XCLocalSwiftPackageReference;
			relativePath = Packages/LynkLlamaRuntime;
		};
/* End XCLocalSwiftPackageReference section */

/* Begin XCRemoteSwiftPackageReference section */
		9F2AB111042A50D54317A585 /* XCRemoteSwiftPackageReference "WebRTC" */ = {
			isa = XCRemoteSwiftPackageReference;
			repositoryURL = "https://github.com/stasel/WebRTC.git";
			requirement = {
				kind = exactVersion;
				version = 150.0.0;
			};
		};
/* End XCRemoteSwiftPackageReference section */

/* Begin XCSwiftPackageProductDependency section */
		16D980A140D68EC435A2C63F /* WebRTC */ = {
			isa = XCSwiftPackageProductDependency;
			package = 9F2AB111042A50D54317A585 /* XCRemoteSwiftPackageReference "WebRTC" */;
			productName = WebRTC;
		};
		5B5DACED6673573953A6DF29 /* LynkLlamaRuntime */ = {
			isa = XCSwiftPackageProductDependency;
			productName = LynkLlamaRuntime;
		};
/* End XCSwiftPackageProductDependency section */
	};
	rootObject = BC27ABE352944E316F16F69E /* Project object */;
}
